
Microsoft Visual Studio Solution File, Format Version 12.00
# Visual Studio Version 17
VisualStudioVersion = 17.4.33205.214
MinimumVisualStudioVersion = 10.0.40219.1
Project("{FAE04EC0-301F-11D3-BF4B-00C04F79EFBC}") = "HomeWork6.2", "HomeWork6.2\HomeWork6.2.csproj", "{478FBC9C-A248-41C2-8A53-886FC76F748F}"
EndProject
Global
	GlobalSection(SolutionConfigurationPlatforms) = preSolution
		Debug|Any CPU = Debug|Any CPU
		Release|Any CPU = Release|Any CPU
	EndGlobalSection
	GlobalSection(ProjectConfigurationPlatforms) = postSolution
		{478FBC9C-A248-41C2-8A53-886FC76F748F}.Debug|Any CPU.ActiveCfg = Debug|Any CPU
		{478FBC9C-A248-41C2-8A53-886FC76F748F}.Debug|Any CPU.Build.0 = Debug|Any CPU
		{478FBC9C-A248-41C2-8A53-886FC76F748F}.Release|Any CPU.ActiveCfg = Release|Any CPU
		{478FBC9C-A248-41C2-8A53-886FC76F748F}.Release|Any CPU.Build.0 = Release|Any CPU
	EndGlobalSection
	GlobalSection(SolutionProperties) = preSolution
		HideSolutionNode = FALSE
	EndGlobalSection
	GlobalSection(ExtensibilityGlobals) = postSolution
		SolutionGuid = {FAF5A1DD-D20E-4528-9C10-36FC0283E895}
	EndGlobalSection
EndGlobal
